Microsoft Visual Studio Solution File, Format Version 12.00
# Visual Studio Version 17
VisualStudioVersion = 17.5.2.0
MinimumVisualStudioVersion = 10.0.40219.1
Project("{FAE04EC0-301F-11D3-BF4B-00C04F79EFBC}") = "Lista1", "Lista1\Lista1.csproj", "{C6C6AE8E-7169-C71A-217F-E678BACF1B74}"
EndProject
Global
	GlobalSection(SolutionConfigurationPlatforms) = preSolution
		Debug|Any CPU = Debug|Any CPU
		Release|Any CPU = Release|Any CPU
	EndGlobalSection
	GlobalSection(ProjectConfigurationPlatforms) = postSolution
		{C6C6AE8E-7169-C71A-217F-E678BACF1B74}.Debug|Any CPU.ActiveCfg = Debug|Any CPU
		{C6C6AE8E-7169-C71A-217F-E678BACF1B74}.Debug|Any CPU.Build.0 = Debug|Any CPU
		{C6C6AE8E-7169-C71A-217F-E678BACF1B74}.Release|Any CPU.ActiveCfg = Release|Any CPU
		{C6C6AE8E-7169-C71A-217F-E678BACF1B74}.Release|Any CPU.Build.0 = Release|Any CPU
	EndGlobalSection
	GlobalSection(SolutionProperties) = preSolution
		HideSolutionNode = FALSE
	EndGlobalSection
	GlobalSection(ExtensibilityGlobals) = postSolution
		SolutionGuid = {05E48F47-9955-4E19-9557-5C4D77EE6416}
	EndGlobalSection
EndGlobal
